// !$*UTF8*$!
{
	archiveVersion = 1;
	classes = {
	};
	objectVersion = 50;
	objects = {

/* Begin PBXBuildFile section */
		147DFC9D2395531A00362F2E /* main.c in Sources */ = {isa = PBXBuildFile; fileRef = 147DFC9C2395531A00362F2E /* main.c */; };
		147DFCE4239D20F900362F2E /* array_queue.c in Sources */ = {isa = PBXBuildFile; fileRef = 147DFCE3239D20F900362F2E /* array_queue.c */; };
		147DFCEA239D2ECF00362F2E /* leecode_724.c in Sources */ = {isa = PBXBuildFile; fileRef = 147DFCE9239D2ECF00362F2E /* leecode_724.c */; };
		147DFCEF239D409C00362F2E /* 15_besearch.c in Sources */ = {isa = PBXBuildFile; fileRef = 147DFCEE239D409C00362F2E /* 15_besearch.c */; };
/* End PBXBuildFile section */

/* Begin PBXCopyFilesBuildPhase section */
		147DFC972395531A00362F2E /* CopyFiles */ = {
			isa = PBXCopyFilesBuildPhase;
			buildActionMask = 2147483647;
			dstPath = /usr/share/man/man1/;
			dstSubfolderSpec = 0;
			files = (
			);
			runOnlyForDeploymentPostprocessing = 1;
		};
/* End PBXCopyFilesBuildPhase section */

/* Begin PBXFileReference section */
		147DFC992395531A00362F2E /* TYSMAlgorithm */ = {isa = PBXFileReference; explicitFileType = "compiled.mach-o.executable"; includeInIndex = 0; path = TYSMAlgorithm; sourceTree = BUILT_PRODUCTS_DIR; };
		147DFC9C2395531A00362F2E /* main.c */ = {isa = PBXFileReference; lastKnownFileType = sourcecode.c.c; path = main.c; sourceTree = "<group>"; };
		147DFCE2239D20F900362F2E /* array_queue.h */ = {isa = PBXFileReference; lastKnownFileType = sourcecode.c.h; path = array_queue.h; sourceTree = "<group>"; };
		147DFCE3239D20F900362F2E /* array_queue.c */ = {isa = PBXFileReference; lastKnownFileType = sourcecode.c.c; path = array_queue.c; sourceTree = "<group>"; };
		147DFCE8239D2ECF00362F2E /* leecode_724.h */ = {isa = PBXFileReference; lastKnownFileType = sourcecode.c.h; path = leecode_724.h; sourceTree = "<group>"; };
		147DFCE9239D2ECF00362F2E /* leecode_724.c */ = {isa = PBXFileReference; lastKnownFileType = sourcecode.c.c; path = leecode_724.c; sourceTree = "<group>"; };
		147DFCED239D409C00362F2E /* 15_besearch.h */ = {isa = PBXFileReference; lastKnownFileType = sourcecode.c.h; path = 15_besearch.h; sourceTree = "<group>"; };
		147DFCEE239D409C00362F2E /* 15_besearch.c */ = {isa = PBXFileReference; lastKnownFileType = sourcecode.c.c; path = 15_besearch.c; sourceTree = "<group>"; };
/* End PBXFileReference section */

/* Begin PBXFrameworksBuildPhase section */
		147DFC962395531A00362F2E /* Frameworks */ = {
			isa = PBXFrameworksBuildPhase;
			buildActionMask = 2147483647;
			files = (
			);
			runOnlyForDeploymentPostprocessing = 0;
		};
/* End PBXFrameworksBuildPhase section */

/* Begin PBXGroup section */
		147DFC902395531A00362F2E = {
			isa = PBXGroup;
			children = (
				147DFC9B2395531A00362F2E /* TYSMAlgorithm */,
				147DFC9A2395531A00362F2E /* Products */,
			);
			sourceTree = "<group>";
		};
		147DFC9A2395531A00362F2E /* Products */ = {
			isa = PBXGroup;
			children = (
				147DFC992395531A00362F2E /* TYSMAlgorithm */,
			);
			name = Products;
			sourceTree = "<group>";
		};
		147DFC9B2395531A00362F2E /* TYSMAlgorithm */ = {
			isa = PBXGroup;
			children = (
				147DFCEC239D407100362F2E /* study */,
				147DFCEB239D406200362F2E /* leecode */,
				147DFC9C2395531A00362F2E /* main.c */,
			);
			path = TYSMAlgorithm;
			sourceTree = "<group>";
		};
		147DFCEB239D406200362F2E /* leecode */ = {
			isa = PBXGroup;
			children = (
				147DFCE8239D2ECF00362F2E /* leecode_724.h */,
				147DFCE9239D2ECF00362F2E /* leecode_724.c */,
			);
			path = leecode;
			sourceTree = "<group>";
		};
		147DFCEC239D407100362F2E /* study */ = {
			isa = PBXGroup;
			children = (
				147DFCE2239D20F900362F2E /* array_queue.h */,
				147DFCE3239D20F900362F2E /* array_queue.c */,
				147DFCED239D409C00362F2E /* 15_besearch.h */,
				147DFCEE239D409C00362F2E /* 15_besearch.c */,
			);
			path = study;
			sourceTree = "<group>";
		};
/* End PBXGroup section */

/* Begin PBXNativeTarget section */
		147DFC982395531A00362F2E /* TYSMAlgorithm */ = {
			isa = PBXNativeTarget;
			buildConfigurationList = 147DFCA02395531A00362F2E /* Build configuration list for PBXNativeTarget "TYSMAlgorithm" */;
			buildPhases = (
				147DFC952395531A00362F2E /* Sources */,
				147DFC962395531A00362F2E /* Frameworks */,
				147DFC972395531A00362F2E /* CopyFiles */,
			);
			buildRules = (
			);
			dependencies = (
			);
			name = TYSMAlgorithm;
			productName = TYSMAlgorithm;
			productReference = 147DFC992395531A00362F2E /* TYSMAlgorithm */;
			productType = "com.apple.product-type.tool";
		};
/* End PBXNativeTarget section */

/* Begin PBXProject section */
		147DFC912395531A00362F2E /* Project object */ = {
			isa = PBXProject;
			attributes = {
				LastUpgradeCheck = 1120;
				ORGANIZATIONNAME = CookiesJ;
				TargetAttributes = {
					147DFC982395531A00362F2E = {
						CreatedOnToolsVersion = 11.2.1;
					};
				};
			};
			buildConfigurationList = 147DFC942395531A00362F2E /* Build configuration list for PBXProject "TYSMAlgorithm" */;
			compatibilityVersion = "Xcode 9.3";
			developmentRegion = en;
			hasScannedForEncodings = 0;
			knownRegions = (
				en,
				Base,
			);
			mainGroup = 147DFC902395531A00362F2E;
			productRefGroup = 147DFC9A2395531A00362F2E /* Products */;
			projectDirPath = "";
			projectRoot = "";
			targets = (
				147DFC982395531A00362F2E /* TYSMAlgorithm */,
			);
		};
/* End PBXProject section */

/* Begin PBXSourcesBuildPhase section */
		147DFC952395531A00362F2E /* Sources */ = {
			isa = PBXSourcesBuildPhase;
			buildActionMask = 2147483647;
			files = (
				147DFCEA239D2ECF00362F2E /* leecode_724.c in Sources */,
				147DFC9D2395531A00362F2E /* main.c in Sources */,
				147DFCE4239D20F900362F2E /* array_queue.c in Sources */,
				147DFCEF239D409C00362F2E /* 15_besearch.c in Sources */,
			);
			runOnlyForDeploymentPostprocessing = 0;
		};
/* End PBXSourcesBuildPhase section */

/* Begin XCBuildConfiguration section */
		147DFC9E2395531A00362F2E /* Debug */ = {
			isa = XCBuildConfiguration;
			buildSettings = {
				ALWAYS_SEARCH_USER_PATHS = NO;
				CLANG_ANALYZER_NONNULL = YES;
				CLANG_ANALYZER_NUMBER_OBJECT_CONVERSION = YES_AGGRESSIVE;
				CLANG_CXX_LANGUAGE_STANDARD = "gnu++14";
				CLANG_CXX_LIBRARY = "libc++";
				CLANG_ENABLE_MODULES = YES;
				CLANG_ENABLE_OBJC_ARC = YES;
				CLANG_ENABLE_OBJC_WEAK = YES;
				CLANG_WARN_BLOCK_CAPTURE_AUTORELEASING = YES;
				CLANG_WARN_BOOL_CONVERSION = YES;
				CLANG_WARN_COMMA = YES;
				CLANG_WARN_CONSTANT_CONVERSION = YES;
				CLANG_WARN_DEPRECATED_OBJC_IMPLEMENTATIONS = YES;
				CLANG_WARN_DIRECT_OBJC_ISA_USAGE = YES_ERROR;
				CLANG_WARN_DOCUMENTATION_COMMENTS = YES;
				CLANG_WARN_EMPTY_BODY = YES;
				CLANG_WARN_ENUM_CONVERSION = YES;
				CLANG_WARN_INFINITE_RECURSION = YES;
				CLANG_WARN_INT_CONVERSION = YES;
				CLANG_WARN_NON_LITERAL_NULL_CONVERSION = YES;
				CLANG_WARN_OBJC_IMPLICIT_RETAIN_SELF = YES;
				CLANG_WARN_OBJC_LITERAL_CONVERSION = YES;
				CLANG_WARN_OBJC_ROOT_CLASS = YES_ERROR;
				CLANG_WARN_RANGE_LOOP_ANALYSIS = YES;
				CLANG_WARN_STRICT_PROTOTYPES = YES;
				CLANG_WARN_SUSPICIOUS_MOVE = YES;
				CLANG_WARN_UNGUARDED_AVAILABILITY = YES_AGGRESSIVE;
				CLANG_WARN_UNREACHABLE_CODE = YES;
				CLANG_WARN__DUPLICATE_METHOD_MATCH = YES;
				COPY_PHASE_STRIP = NO;
				DEBUG_INFORMATION_FORMAT = dwarf;
				ENABLE_STRICT_OBJC_MSGSEND = YES;
				ENABLE_TESTABILITY = YES;
				GCC_C_LANGUAGE_STANDARD = gnu11;
				GCC_DYNAMIC_NO_PIC = NO;
				GCC_NO_COMMON_BLOCKS = YES;
				GCC_OPTIMIZATION_LEVEL = 0;
				GCC_PREPROCESSOR_DEFINITIONS = (
					"DEBUG=1",
					"$(inherited)",
				);
				GCC_WARN_64_TO_32_BIT_CONVERSION = YES;
				GCC_WARN_ABOUT_RETURN_TYPE = YES_ERROR;
				GCC_WARN_UNDECLARED_SELECTOR = YES;
				GCC_WARN_UNINITIALIZED_AUTOS = YES_AGGRESSIVE;
				GCC_WARN_UNUSED_FUNCTION = YES;
				GCC_WARN_UNUSED_VARIABLE = YES;
				MACOSX_DEPLOYMENT_TARGET = 10.15;
				MTL_ENABLE_DEBUG_INFO = INCLUDE_SOURCE;
				MTL_FAST_MATH = YES;
				ONLY_ACTIVE_ARCH = YES;
				SDKROOT = macosx;
			};
			name = Debug;
		};
		147DFC9F2395531A00362F2E /* Release */ = {
			isa = XCBuildConfiguration;
			buildSettings = {
				ALWAYS_SEARCH_USER_PATHS = NO;
				CLANG_ANALYZER_NONNULL = YES;
				CLANG_ANALYZER_NUMBER_OBJECT_CONVERSION = YES_AGGRESSIVE;
				CLANG_CXX_LANGUAGE_STANDARD = "gnu++14";
				CLANG_CXX_LIBRARY = "libc++";
				CLANG_ENABLE_MODULES = YES;
				CLANG_ENABLE_OBJC_ARC = YES;
				CLANG_ENABLE_OBJC_WEAK = YES;
				CLANG_WARN_BLOCK_CAPTURE_AUTORELEASING = YES;
				CLANG_WARN_BOOL_CONVERSION = YES;
				CLANG_WARN_COMMA = YES;
				CLANG_WARN_CONSTANT_CONVERSION = YES;
				CLANG_WARN_DEPRECATED_OBJC_IMPLEMENTATIONS = YES;
				CLANG_WARN_DIRECT_OBJC_ISA_USAGE = YES_ERROR;
				CLANG_WARN_DOCUMENTATION_COMMENTS = YES;
				CLANG_WARN_EMPTY_BODY = YES;
				CLANG_WARN_ENUM_CONVERSION = YES;
				CLANG_WARN_INFINITE_RECURSION = YES;
				CLANG_WARN_INT_CONVERSION = YES;
				CLANG_WARN_NON_LITERAL_NULL_CONVERSION = YES;
				CLANG_WARN_OBJC_IMPLICIT_RETAIN_SELF = YES;
				CLANG_WARN_OBJC_LITERAL_CONVERSION = YES;
				CLANG_WARN_OBJC_ROOT_CLASS = YES_ERROR;
				CLANG_WARN_RANGE_LOOP_ANALYSIS = YES;
				CLANG_WARN_STRICT_PROTOTYPES = YES;
				CLANG_WARN_SUSPICIOUS_MOVE = YES;
				CLANG_WARN_UNGUARDED_AVAILABILITY = YES_AGGRESSIVE;
				CLANG_WARN_UNREACHABLE_CODE = YES;
				CLANG_WARN__DUPLICATE_METHOD_MATCH = YES;
				COPY_PHASE_STRIP = NO;
				DEBUG_INFORMATION_FORMAT = "dwarf-with-dsym";
				ENABLE_NS_ASSERTIONS = NO;
				ENABLE_STRICT_OBJC_MSGSEND = YES;
				GCC_C_LANGUAGE_STANDARD = gnu11;
				GCC_NO_COMMON_BLOCKS = YES;
				GCC_WARN_64_TO_32_BIT_CONVERSION = YES;
				GCC_WARN_ABOUT_RETURN_TYPE = YES_ERROR;
				GCC_WARN_UNDECLARED_SELECTOR = YES;
				GCC_WARN_UNINITIALIZED_AUTOS = YES_AGGRESSIVE;
				GCC_WARN_UNUSED_FUNCTION = YES;
				GCC_WARN_UNUSED_VARIABLE = YES;
				MACOSX_DEPLOYMENT_TARGET = 10.15;
				MTL_ENABLE_DEBUG_INFO = NO;
				MTL_FAST_MATH = YES;
				SDKROOT = macosx;
			};
			name = Release;
		};
		147DFCA12395531A00362F2E /* Debug */ = {
			isa = XCBuildConfiguration;
			buildSettings = {
				CODE_SIGN_STYLE = Automatic;
				DEVELOPMENT_TEAM = "";
				ENABLE_HARDENED_RUNTIME = YES;
				PRODUCT_NAME = "$(TARGET_NAME)";
			};
			name = Debug;
		};
		147DFCA22395531A00362F2E /* Release */ = {
			isa = XCBuildConfiguration;
			buildSettings = {
				CODE_SIGN_STYLE = Automatic;
				DEVELOPMENT_TEAM = "";
				ENABLE_HARDENED_RUNTIME = YES;
				PRODUCT_NAME = "$(TARGET_NAME)";
			};
			name = Release;
		};
/* End XCBuildConfiguration section */

/* Begin XCConfigurationList section */
		147DFC942395531A00362F2E /* Build configuration list for PBXProject "TYSMAlgorithm" */ = {
			isa = XCConfigurationList;
			buildConfigurations = (
				147DFC9E2395531A00362F2E /* Debug */,
				147DFC9F2395531A00362F2E /* Release */,
			);
			defaultConfigurationIsVisible = 0;
			defaultConfigurationName = Release;
		};
		147DFCA02395531A00362F2E /* Build configuration list for PBXNativeTarget "TYSMAlgorithm" */ = {
			isa = XCConfigurationList;
			buildConfigurations = (
				147DFCA12395531A00362F2E /* Debug */,
				147DFCA22395531A00362F2E /* Release */,
			);
			defaultConfigurationIsVisible = 0;
			defaultConfigurationName = Release;
		};
/* End XCConfigurationList section */
	};
	rootObject = 147DFC912395531A00362F2E /* Project object */;
}
